# This file is autogenerated, do not edit; changes may be undone by the next 'dep ensure'.


[[projects]]
  branch = "master"
  name = "github.com/dotchev/go-main"
  packages = ["plugin"]
  revision = "2b557419621d7a1893574e042533d620b19ddf81"

[solve-meta]
  analyzer-name = "dep"
  analyzer-version = 1
  inputs-digest = "73cb04cec49c4f969214fd48c8b1303f529d41f35f720a4bec8decf8f7daeba1"
  solver-name = "gps-cdcl"
  solver-version = 1
